
Microsoft Visual Studio Solution File, Format Version 12.00
# Visual Studio Version 16
VisualStudioVersion = 16.0.29728.190
MinimumVisualStudioVersion = 10.0.40219.1
Project("{FAE04EC0-301F-11D3-BF4B-00C04F79EFBC}") = "Lab4", "Lab4.csproj", "{9E83C5C7-0AA4-45CF-A04B-CA4F7F86CED4}"
EndProject
Project("{FAE04EC0-301F-11D3-BF4B-00C04F79EFBC}") = "DAL", "DAL\DAL.csproj", "{AB384695-45DA-4F48-A16D-2E6E0A66871C}"
EndProject
Project("{FAE04EC0-301F-11D3-BF4B-00C04F79EFBC}") = "ConsoleOperations", "..\..\repos\SDA\Lab_2-3\ConsoleIO\ConsoleOperations.csproj", "{E1ABDBBF-D8A4-495B-8368-1A0777554F08}"
EndProject
Project("{FAE04EC0-301F-11D3-BF4B-00C04F79EFBC}") = "UI", "..\..\repos\SDA\Lab_2-3\MessageLooper\UI.csproj", "{CD4ACB20-FDFF-45B0-8468-89F3095A30FC}"
EndProject
Project("{FAE04EC0-301F-11D3-BF4B-00C04F79EFBC}") = "BLL", "..\BLL\BLL.csproj", "{D0CA8EEF-16A9-40C3-BD51-E9BC240514C0}"
EndProject
Project("{FAE04EC0-301F-11D3-BF4B-00C04F79EFBC}") = "BindingsDI", "..\BindingsDI\BindingsDI.csproj", "{ED6A6926-29BA-42F1-907B-C87280DED16F}"
EndProject
Global
	GlobalSection(SolutionConfigurationPlatforms) = preSolution
		Debug|Any CPU = Debug|Any CPU
		Release|Any CPU = Release|Any CPU
	EndGlobalSection
	GlobalSection(ProjectConfigurationPlatforms) = postSolution
		{9E83C5C7-0AA4-45CF-A04B-CA4F7F86CED4}.Debug|Any CPU.ActiveCfg = Debug|Any CPU
		{9E83C5C7-0AA4-45CF-A04B-CA4F7F86CED4}.Debug|Any CPU.Build.0 = Debug|Any CPU
		{9E83C5C7-0AA4-45CF-A04B-CA4F7F86CED4}.Release|Any CPU.ActiveCfg = Release|Any CPU
		{9E83C5C7-0AA4-45CF-A04B-CA4F7F86CED4}.Release|Any CPU.Build.0 = Release|Any CPU
		{AB384695-45DA-4F48-A16D-2E6E0A66871C}.Debug|Any CPU.ActiveCfg = Debug|Any CPU
		{AB384695-45DA-4F48-A16D-2E6E0A66871C}.Debug|Any CPU.Build.0 = Debug|Any CPU
		{AB384695-45DA-4F48-A16D-2E6E0A66871C}.Release|Any CPU.ActiveCfg = Release|Any CPU
		{AB384695-45DA-4F48-A16D-2E6E0A66871C}.Release|Any CPU.Build.0 = Release|Any CPU
		{E1ABDBBF-D8A4-495B-8368-1A0777554F08}.Debug|Any CPU.ActiveCfg = Debug|Any CPU
		{E1ABDBBF-D8A4-495B-8368-1A0777554F08}.Debug|Any CPU.Build.0 = Debug|Any CPU
		{E1ABDBBF-D8A4-495B-8368-1A0777554F08}.Release|Any CPU.ActiveCfg = Release|Any CPU
		{E1ABDBBF-D8A4-495B-8368-1A0777554F08}.Release|Any CPU.Build.0 = Release|Any CPU
		{CD4ACB20-FDFF-45B0-8468-89F3095A30FC}.Debug|Any CPU.ActiveCfg = Debug|Any CPU
		{CD4ACB20-FDFF-45B0-8468-89F3095A30FC}.Debug|Any CPU.Build.0 = Debug|Any CPU
		{CD4ACB20-FDFF-45B0-8468-89F3095A30FC}.Release|Any CPU.ActiveCfg = Release|Any CPU
		{CD4ACB20-FDFF-45B0-8468-89F3095A30FC}.Release|Any CPU.Build.0 = Release|Any CPU
		{D0CA8EEF-16A9-40C3-BD51-E9BC240514C0}.Debug|Any CPU.ActiveCfg = Debug|Any CPU
		{D0CA8EEF-16A9-40C3-BD51-E9BC240514C0}.Debug|Any CPU.Build.0 = Debug|Any CPU
		{D0CA8EEF-16A9-40C3-BD51-E9BC240514C0}.Release|Any CPU.ActiveCfg = Release|Any CPU
		{D0CA8EEF-16A9-40C3-BD51-E9BC240514C0}.Release|Any CPU.Build.0 = Release|Any CPU
		{ED6A6926-29BA-42F1-907B-C87280DED16F}.Debug|Any CPU.ActiveCfg = Debug|Any CPU
		{ED6A6926-29BA-42F1-907B-C87280DED16F}.Debug|Any CPU.Build.0 = Debug|Any CPU
		{ED6A6926-29BA-42F1-907B-C87280DED16F}.Release|Any CPU.ActiveCfg = Release|Any CPU
		{ED6A6926-29BA-42F1-907B-C87280DED16F}.Release|Any CPU.Build.0 = Release|Any CPU
	EndGlobalSection
	GlobalSection(SolutionProperties) = preSolution
		HideSolutionNode = FALSE
	EndGlobalSection
	GlobalSection(ExtensibilityGlobals) = postSolution
		SolutionGuid = {9CD71C08-CF0F-4937-B52D-8F78EBD79CDE}
	EndGlobalSection
EndGlobal
